
Microsoft Visual Studio Solution File, Format Version 12.00
# Visual Studio Version 17
VisualStudioVersion = 17.1.32407.343
MinimumVisualStudioVersion = 10.0.40219.1
Project("{FAE04EC0-301F-11D3-BF4B-00C04F79EFBC}") = "BDSuggestion.Android", "BDSuggestion.Android\BDSuggestion.Android.csproj", "{26002822-B75A-410A-92E5-69F6A8738D41}"
EndProject
Project("{FAE04EC0-301F-11D3-BF4B-00C04F79EFBC}") = "BDSuggestion", "BDSuggestion\BDSuggestion.csproj", "{8577F058-B73D-4349-90F3-91114E1065AE}"
EndProject
Global
	GlobalSection(SolutionConfigurationPlatforms) = preSolution
		Debug|Any CPU = Debug|Any CPU
		Release|Any CPU = Release|Any CPU
	EndGlobalSection
	GlobalSection(ProjectConfigurationPlatforms) = postSolution
		{26002822-B75A-410A-92E5-69F6A8738D41}.Debug|Any CPU.ActiveCfg = Debug|Any CPU
		{26002822-B75A-410A-92E5-69F6A8738D41}.Debug|Any CPU.Build.0 = Debug|Any CPU
		{26002822-B75A-410A-92E5-69F6A8738D41}.Debug|Any CPU.Deploy.0 = Debug|Any CPU
		{26002822-B75A-410A-92E5-69F6A8738D41}.Release|Any CPU.ActiveCfg = Release|Any CPU
		{26002822-B75A-410A-92E5-69F6A8738D41}.Release|Any CPU.Build.0 = Release|Any CPU
		{26002822-B75A-410A-92E5-69F6A8738D41}.Release|Any CPU.Deploy.0 = Release|Any CPU
		{8577F058-B73D-4349-90F3-91114E1065AE}.Debug|Any CPU.ActiveCfg = Debug|Any CPU
		{8577F058-B73D-4349-90F3-91114E1065AE}.Debug|Any CPU.Build.0 = Debug|Any CPU
		{8577F058-B73D-4349-90F3-91114E1065AE}.Debug|Any CPU.Deploy.0 = Debug|Any CPU
		{8577F058-B73D-4349-90F3-91114E1065AE}.Release|Any CPU.ActiveCfg = Release|Any CPU
		{8577F058-B73D-4349-90F3-91114E1065AE}.Release|Any CPU.Build.0 = Release|Any CPU
		{8577F058-B73D-4349-90F3-91114E1065AE}.Release|Any CPU.Deploy.0 = Release|Any CPU
	EndGlobalSection
	GlobalSection(SolutionProperties) = preSolution
		HideSolutionNode = FALSE
	EndGlobalSection
	GlobalSection(ExtensibilityGlobals) = postSolution
		SolutionGuid = {4B0C1403-16B3-4C5D-8A85-97267B17C011}
	EndGlobalSection
EndGlobal
